
Microsoft Visual Studio Solution File, Format Version 12.00
# Visual Studio 2017
Project("{FAE04EC0-301F-11D3-BF4B-00C04F79EFBC}") = "VirusLD40", "VirusLD40.csproj", "{DCDB7A41-AACA-376F-80EF-481726288E62}"
EndProject
Global
	GlobalSection(SolutionConfigurationPlatforms) = preSolution
		Debug|Any CPU = Debug|Any CPU
		Release|Any CPU = Release|Any CPU
	EndGlobalSection
	GlobalSection(ProjectConfigurationPlatforms) = postSolution
		{DCDB7A41-AACA-376F-80EF-481726288E62}.Debug|Any CPU.ActiveCfg = Debug|Any CPU
		{DCDB7A41-AACA-376F-80EF-481726288E62}.Debug|Any CPU.Build.0 = Debug|Any CPU
		{DCDB7A41-AACA-376F-80EF-481726288E62}.Release|Any CPU.ActiveCfg = Release|Any CPU
		{DCDB7A41-AACA-376F-80EF-481726288E62}.Release|Any CPU.Build.0 = Release|Any CPU
	EndGlobalSection
	GlobalSection(SolutionProperties) = preSolution
		HideSolutionNode = FALSE
	EndGlobalSection
EndGlobal
